
Microsoft Visual Studio Solution File, Format Version 12.00
# Visual Studio Version 17
VisualStudioVersion = 17.9.34714.143
MinimumVisualStudioVersion = 10.0.40219.1
Project("{9A19103F-16F7-4668-BE54-9A1E7A4F7556}") = "LibraryProject", "LibraryProject.csproj", "{64190950-5614-4134-B70A-7D0271BDE31D}"
EndProject
Global
	GlobalSection(SolutionConfigurationPlatforms) = preSolution
		Debug|Any CPU = Debug|Any CPU
		Release|Any CPU = Release|Any CPU
	EndGlobalSection
	GlobalSection(ProjectConfigurationPlatforms) = postSolution
		{64190950-5614-4134-B70A-7D0271BDE31D}.Debug|Any CPU.ActiveCfg = Debug|Any CPU
		{64190950-5614-4134-B70A-7D0271BDE31D}.Debug|Any CPU.Build.0 = Debug|Any CPU
		{64190950-5614-4134-B70A-7D0271BDE31D}.Release|Any CPU.ActiveCfg = Release|Any CPU
		{64190950-5614-4134-B70A-7D0271BDE31D}.Release|Any CPU.Build.0 = Release|Any CPU
	EndGlobalSection
	GlobalSection(SolutionProperties) = preSolution
		HideSolutionNode = FALSE
	EndGlobalSection
	GlobalSection(ExtensibilityGlobals) = postSolution
		SolutionGuid = {A185D519-D51E-4273-A1D2-3B0C125829B1}
	EndGlobalSection
EndGlobal
